
Microsoft Visual Studio Solution File, Format Version 12.00
# Visual Studio Version 16
VisualStudioVersion = 16.0.30711.63
MinimumVisualStudioVersion = 10.0.40219.1
Project("{9A19103F-16F7-4668-BE54-9A1E7A4F7556}") = "WPLMNETClient", "WPLMNETClient.csproj", "{8D26FF7A-A144-4C57-8BCB-4B26C4C2CC1C}"
EndProject
Global
	GlobalSection(SolutionConfigurationPlatforms) = preSolution
		Debug|Any CPU = Debug|Any CPU
		Release|Any CPU = Release|Any CPU
	EndGlobalSection
	GlobalSection(ProjectConfigurationPlatforms) = postSolution
		{8D26FF7A-A144-4C57-8BCB-4B26C4C2CC1C}.Debug|Any CPU.ActiveCfg = Debug|Any CPU
		{8D26FF7A-A144-4C57-8BCB-4B26C4C2CC1C}.Debug|Any CPU.Build.0 = Debug|Any CPU
		{8D26FF7A-A144-4C57-8BCB-4B26C4C2CC1C}.Release|Any CPU.ActiveCfg = Release|Any CPU
		{8D26FF7A-A144-4C57-8BCB-4B26C4C2CC1C}.Release|Any CPU.Build.0 = Release|Any CPU
	EndGlobalSection
	GlobalSection(SolutionProperties) = preSolution
		HideSolutionNode = FALSE
	EndGlobalSection
	GlobalSection(ExtensibilityGlobals) = postSolution
		SolutionGuid = {C2F7306F-05E4-417F-BAF4-A68D05394D0B}
	EndGlobalSection
EndGlobal
